
Microsoft Visual Studio Solution File, Format Version 12.00
# Visual Studio Version 17
VisualStudioVersion = 17.8.34309.116
MinimumVisualStudioVersion = 10.0.40219.1
Project("{9A19103F-16F7-4668-BE54-9A1E7A4F7556}") = "DsaInCSharp", "DsaInCSharp\DsaInCSharp.csproj", "{59F141E3-F10C-4092-8049-9A992D0F9008}"
EndProject
Project("{9A19103F-16F7-4668-BE54-9A1E7A4F7556}") = "ArrayLib", "ArrayLib\ArrayLib.csproj", "{6821ED39-02C6-4488-B863-9840641D5252}"
EndProject
Project("{FAE04EC0-301F-11D3-BF4B-00C04F79EFBC}") = "DynamicProgramming", "DynamicProgramming\DynamicProgramming.csproj", "{4C95E02C-36C5-40D5-9F33-67F2946BB506}"
EndProject
Global
	GlobalSection(SolutionConfigurationPlatforms) = preSolution
		Debug|Any CPU = Debug|Any CPU
		Release|Any CPU = Release|Any CPU
	EndGlobalSection
	GlobalSection(ProjectConfigurationPlatforms) = postSolution
		{59F141E3-F10C-4092-8049-9A992D0F9008}.Debug|Any CPU.ActiveCfg = Debug|Any CPU
		{59F141E3-F10C-4092-8049-9A992D0F9008}.Debug|Any CPU.Build.0 = Debug|Any CPU
		{59F141E3-F10C-4092-8049-9A992D0F9008}.Release|Any CPU.ActiveCfg = Release|Any CPU
		{59F141E3-F10C-4092-8049-9A992D0F9008}.Release|Any CPU.Build.0 = Release|Any CPU
		{6821ED39-02C6-4488-B863-9840641D5252}.Debug|Any CPU.ActiveCfg = Debug|Any CPU
		{6821ED39-02C6-4488-B863-9840641D5252}.Debug|Any CPU.Build.0 = Debug|Any CPU
		{6821ED39-02C6-4488-B863-9840641D5252}.Release|Any CPU.ActiveCfg = Release|Any CPU
		{6821ED39-02C6-4488-B863-9840641D5252}.Release|Any CPU.Build.0 = Release|Any CPU
		{4C95E02C-36C5-40D5-9F33-67F2946BB506}.Debug|Any CPU.ActiveCfg = Debug|Any CPU
		{4C95E02C-36C5-40D5-9F33-67F2946BB506}.Debug|Any CPU.Build.0 = Debug|Any CPU
		{4C95E02C-36C5-40D5-9F33-67F2946BB506}.Release|Any CPU.ActiveCfg = Release|Any CPU
		{4C95E02C-36C5-40D5-9F33-67F2946BB506}.Release|Any CPU.Build.0 = Release|Any CPU
	EndGlobalSection
	GlobalSection(SolutionProperties) = preSolution
		HideSolutionNode = FALSE
	EndGlobalSection
	GlobalSection(ExtensibilityGlobals) = postSolution
		SolutionGuid = {37FC6A41-BEDB-479F-9AF4-6069CAD62756}
	EndGlobalSection
EndGlobal
